
Microsoft Visual Studio Solution File, Format Version 12.00
# Visual Studio 15
VisualStudioVersion = 15.0.27130.2027
MinimumVisualStudioVersion = 10.0.40219.1
Project("{FAE04EC0-301F-11D3-BF4B-00C04F79EFBC}") = "WindowsFormsApp1", "WindowsFormsApp1\WindowsFormsApp1.csproj", "{C2D67CB5-A3EC-4BCF-BA77-B50E2A80CEAC}"
EndProject
Project("{9A19103F-16F7-4668-BE54-9A1E7A4F7556}") = "ConsoleApp1", "..\ConsoleApp1\ConsoleApp1\ConsoleApp1.csproj", "{134A7C3E-1C22-4819-B028-B59242589809}"
EndProject
Global
	GlobalSection(SolutionConfigurationPlatforms) = preSolution
		Debug|Any CPU = Debug|Any CPU
		Release|Any CPU = Release|Any CPU
	EndGlobalSection
	GlobalSection(ProjectConfigurationPlatforms) = postSolution
		{C2D67CB5-A3EC-4BCF-BA77-B50E2A80CEAC}.Debug|Any CPU.ActiveCfg = Debug|Any CPU
		{C2D67CB5-A3EC-4BCF-BA77-B50E2A80CEAC}.Debug|Any CPU.Build.0 = Debug|Any CPU
		{C2D67CB5-A3EC-4BCF-BA77-B50E2A80CEAC}.Release|Any CPU.ActiveCfg = Release|Any CPU
		{C2D67CB5-A3EC-4BCF-BA77-B50E2A80CEAC}.Release|Any CPU.Build.0 = Release|Any CPU
		{134A7C3E-1C22-4819-B028-B59242589809}.Debug|Any CPU.ActiveCfg = Debug|Any CPU
		{134A7C3E-1C22-4819-B028-B59242589809}.Debug|Any CPU.Build.0 = Debug|Any CPU
		{134A7C3E-1C22-4819-B028-B59242589809}.Release|Any CPU.ActiveCfg = Release|Any CPU
		{134A7C3E-1C22-4819-B028-B59242589809}.Release|Any CPU.Build.0 = Release|Any CPU
	EndGlobalSection
	GlobalSection(SolutionProperties) = preSolution
		HideSolutionNode = FALSE
	EndGlobalSection
	GlobalSection(ExtensibilityGlobals) = postSolution
		SolutionGuid = {9C3DC7BC-91EC-4B0B-A404-B44309EA21A9}
	EndGlobalSection
EndGlobal
