
Microsoft Visual Studio Solution File, Format Version 12.00
# Visual Studio 15
VisualStudioVersion = 15.0.28010.2019
MinimumVisualStudioVersion = 10.0.40219.1
Project("{FAE04EC0-301F-11D3-BF4B-00C04F79EFBC}") = "program1", "program1\program1.csproj", "{99074E1F-78F7-4AE9-867B-D03F8DC58546}"
EndProject
Project("{FAE04EC0-301F-11D3-BF4B-00C04F79EFBC}") = "WindowsFormsApp1", "WindowsFormsApp1\WindowsFormsApp1.csproj", "{6374766A-62D2-43E0-A6E7-524248460D4F}"
EndProject
Global
	GlobalSection(SolutionConfigurationPlatforms) = preSolution
		Debug|Any CPU = Debug|Any CPU
		Release|Any CPU = Release|Any CPU
	EndGlobalSection
	GlobalSection(ProjectConfigurationPlatforms) = postSolution
		{99074E1F-78F7-4AE9-867B-D03F8DC58546}.Debug|Any CPU.ActiveCfg = Debug|Any CPU
		{99074E1F-78F7-4AE9-867B-D03F8DC58546}.Debug|Any CPU.Build.0 = Debug|Any CPU
		{99074E1F-78F7-4AE9-867B-D03F8DC58546}.Release|Any CPU.ActiveCfg = Release|Any CPU
		{99074E1F-78F7-4AE9-867B-D03F8DC58546}.Release|Any CPU.Build.0 = Release|Any CPU
		{6374766A-62D2-43E0-A6E7-524248460D4F}.Debug|Any CPU.ActiveCfg = Debug|Any CPU
		{6374766A-62D2-43E0-A6E7-524248460D4F}.Debug|Any CPU.Build.0 = Debug|Any CPU
		{6374766A-62D2-43E0-A6E7-524248460D4F}.Release|Any CPU.ActiveCfg = Release|Any CPU
		{6374766A-62D2-43E0-A6E7-524248460D4F}.Release|Any CPU.Build.0 = Release|Any CPU
	EndGlobalSection
	GlobalSection(SolutionProperties) = preSolution
		HideSolutionNode = FALSE
	EndGlobalSection
	GlobalSection(ExtensibilityGlobals) = postSolution
		SolutionGuid = {EDFB83F9-25E5-47DC-8806-F2EB5A64D0B1}
	EndGlobalSection
EndGlobal
